// !$*UTF8*$!
{
	archiveVersion = 1;
	classes = {
	};
	objectVersion = 46;
	objects = {

/* Begin PBXBuildFile section */
		542185241A061565006EBDFD /* KeyConstants.m in Sources */ = {isa = PBXBuildFile; fileRef = 542185231A061565006EBDFD /* KeyConstants.m */; };
		542185341A07245C006EBDFD /* SimpleOperation.m in Sources */ = {isa = PBXBuildFile; fileRef = 542185331A07245C006EBDFD /* SimpleOperation.m */; };
		542185371A072509006EBDFD /* CompoundOperation.m in Sources */ = {isa = PBXBuildFile; fileRef = 542185361A072509006EBDFD /* CompoundOperation.m */; };
		546457BD19F1074900078EAF /* BasicImageEditorContentViewController.m in Sources */ = {isa = PBXBuildFile; fileRef = 546457BB19F1074900078EAF /* BasicImageEditorContentViewController.m */; };
		546457BE19F1074900078EAF /* BasicImageEditorContentViewController.xib in Resources */ = {isa = PBXBuildFile; fileRef = 546457BC19F1074900078EAF /* BasicImageEditorContentViewController.xib */; };
		546457C019F1096200078EAF /* CoreImage.framework in Frameworks */ = {isa = PBXBuildFile; fileRef = 546457BF19F1096200078EAF /* CoreImage.framework */; };
		546457C419F10C1700078EAF /* UIView+Snapshot.m in Sources */ = {isa = PBXBuildFile; fileRef = 546457C319F10C1700078EAF /* UIView+Snapshot.m */; };
		546457C719F10D8100078EAF /* EditorPanelManager.m in Sources */ = {isa = PBXBuildFile; fileRef = 546457C619F10D8100078EAF /* EditorPanelManager.m */; };
		546457CD19F10F3400078EAF /* ImageItem.m in Sources */ = {isa = PBXBuildFile; fileRef = 546457CC19F10F3400078EAF /* ImageItem.m */; };
		546457D119F116B700078EAF /* ImageHelper.m in Sources */ = {isa = PBXBuildFile; fileRef = 546457D019F116B700078EAF /* ImageHelper.m */; };
		546457D519F3614100078EAF /* ControlPointManager.m in Sources */ = {isa = PBXBuildFile; fileRef = 546457D419F3614100078EAF /* ControlPointManager.m */; };
		546457DC19F37DF500078EAF /* ContentItem.m in Sources */ = {isa = PBXBuildFile; fileRef = 546457DB19F37DF500078EAF /* ContentItem.m */; };
		546457DF19F37E3100078EAF /* TextItem.m in Sources */ = {isa = PBXBuildFile; fileRef = 546457DE19F37E3100078EAF /* TextItem.m */; };
		546457FB19F4B7D200078EAF /* EditorPanelViewController.m in Sources */ = {isa = PBXBuildFile; fileRef = 546457F919F4B7D200078EAF /* EditorPanelViewController.m */; };
		546457FC19F4B7D200078EAF /* EditorPanelViewController.xib in Resources */ = {isa = PBXBuildFile; fileRef = 546457FA19F4B7D200078EAF /* EditorPanelViewController.xib */; };
		5464580019F4D89900078EAF /* TextBasicEditorPanelViewController.m in Sources */ = {isa = PBXBuildFile; fileRef = 546457FE19F4D89900078EAF /* TextBasicEditorPanelViewController.m */; };
		5464580119F4D89900078EAF /* TextBasicEditorPanelViewController.xib in Resources */ = {isa = PBXBuildFile; fileRef = 546457FF19F4D89900078EAF /* TextBasicEditorPanelViewController.xib */; };
		546F5CC919FFAFE600C30CBB /* TextDisplayView.m in Sources */ = {isa = PBXBuildFile; fileRef = 546F5CC819FFAFE600C30CBB /* TextDisplayView.m */; };
		546F5CCC1A00904D00C30CBB /* CoreTextHelper.m in Sources */ = {isa = PBXBuildFile; fileRef = 546F5CCB1A00904D00C30CBB /* CoreTextHelper.m */; };
		547DC9FA1A036EAF004691EC /* Canvas.png in Resources */ = {isa = PBXBuildFile; fileRef = 547DC9F91A036EAE004691EC /* Canvas.png */; };
		547DCA021A04CAC5004691EC /* EditorPanelContainerViewController.m in Sources */ = {isa = PBXBuildFile; fileRef = 547DCA001A04CAC5004691EC /* EditorPanelContainerViewController.m */; };
		547DCA031A04CAC5004691EC /* EditorPanelContainerViewController.xib in Resources */ = {isa = PBXBuildFile; fileRef = 547DCA011A04CAC5004691EC /* EditorPanelContainerViewController.xib */; };
		547DCA071A04CB4C004691EC /* ImageEditorPanelContainerViewController.m in Sources */ = {isa = PBXBuildFile; fileRef = 547DCA051A04CB4C004691EC /* ImageEditorPanelContainerViewController.m */; };
		547DCA081A04CB4C004691EC /* ImageEditorPanelContainerViewController.xib in Resources */ = {isa = PBXBuildFile; fileRef = 547DCA061A04CB4C004691EC /* ImageEditorPanelContainerViewController.xib */; };
		547DCA0D1A04CDA5004691EC /* BordersContentViewController.m in Sources */ = {isa = PBXBuildFile; fileRef = 547DCA0B1A04CDA5004691EC /* BordersContentViewController.m */; };
		547DCA0E1A04CDA5004691EC /* BordersContentViewController.xib in Resources */ = {isa = PBXBuildFile; fileRef = 547DCA0C1A04CDA5004691EC /* BordersContentViewController.xib */; };
		547DCA121A04D1A3004691EC /* TextEditorPanelContainerViewController.m in Sources */ = {isa = PBXBuildFile; fileRef = 547DCA101A04D1A3004691EC /* TextEditorPanelContainerViewController.m */; };
		547DCA131A04D1A3004691EC /* TextEditorPanelContainerViewController.xib in Resources */ = {isa = PBXBuildFile; fileRef = 547DCA111A04D1A3004691EC /* TextEditorPanelContainerViewController.xib */; };
		549567711A05EA18006D6BAE /* CustomTapTextView.m in Sources */ = {isa = PBXBuildFile; fileRef = 549567701A05EA18006D6BAE /* CustomTapTextView.m */; };
		54965B061A00E50F005AF774 /* ShadowHelper.m in Sources */ = {isa = PBXBuildFile; fileRef = 54965B051A00E50F005AF774 /* ShadowHelper.m */; };
		54965B391A020362005AF774 /* RotationHelper.m in Sources */ = {isa = PBXBuildFile; fileRef = 54965B381A020362005AF774 /* RotationHelper.m */; };
		54965B3C1A020424005AF774 /* RotationIndicatorView.m in Sources */ = {isa = PBXBuildFile; fileRef = 54965B3B1A020424005AF774 /* RotationIndicatorView.m */; };
		54CB19D819EE37BE0044BBDD /* ImageContainerView.m in Sources */ = {isa = PBXBuildFile; fileRef = 54CB19D719EE37BE0044BBDD /* ImageContainerView.m */; };
		54CB19DA19EE3BD40044BBDD /* background.jpg in Resources */ = {isa = PBXBuildFile; fileRef = 54CB19D919EE3BD40044BBDD /* background.jpg */; };
		54CB19DD19EE3D0A0044BBDD /* TextContainerView.m in Sources */ = {isa = PBXBuildFile; fileRef = 54CB19DC19EE3D0A0044BBDD /* TextContainerView.m */; };
		54D10B5519F7AC9200197694 /* GenericContainerViewHelper.m in Sources */ = {isa = PBXBuildFile; fileRef = 54D10B5419F7AC9200197694 /* GenericContainerViewHelper.m */; };
		54D333A91A0604EE00F3D7F9 /* UndoManager.m in Sources */ = {isa = PBXBuildFile; fileRef = 54D333A81A0604EE00F3D7F9 /* UndoManager.m */; };
		54D333AD1A0606A900F3D7F9 /* Operation.m in Sources */ = {isa = PBXBuildFile; fileRef = 54D333AC1A0606A900F3D7F9 /* Operation.m */; };
		54D7294419ECE9B5009A0279 /* main.m in Sources */ = {isa = PBXBuildFile; fileRef = 54D7294319ECE9B5009A0279 /* main.m */; };
		54D7294719ECE9B5009A0279 /* AppDelegate.m in Sources */ = {isa = PBXBuildFile; fileRef = 54D7294619ECE9B5009A0279 /* AppDelegate.m */; };
		54D7294A19ECE9B5009A0279 /* SliderEditingViewController.m in Sources */ = {isa = PBXBuildFile; fileRef = 54D7294919ECE9B5009A0279 /* SliderEditingViewController.m */; };
		54D7294D19ECE9B5009A0279 /* Main.storyboard in Resources */ = {isa = PBXBuildFile; fileRef = 54D7294B19ECE9B5009A0279 /* Main.storyboard */; };
		54D7294F19ECE9B5009A0279 /* Images.xcassets in Resources */ = {isa = PBXBuildFile; fileRef = 54D7294E19ECE9B5009A0279 /* Images.xcassets */; };
		54D7295219ECE9B5009A0279 /* LaunchScreen.xib in Resources */ = {isa = PBXBuildFile; fileRef = 54D7295019ECE9B5009A0279 /* LaunchScreen.xib */; };
		54D7295E19ECE9B5009A0279 /* iDoTests.m in Sources */ = {isa = PBXBuildFile; fileRef = 54D7295D19ECE9B5009A0279 /* iDoTests.m */; };
		54D7296D19ECEAB9009A0279 /* GenericContainerView.m in Sources */ = {isa = PBXBuildFile; fileRef = 54D7296C19ECEAB9009A0279 /* GenericContainerView.m */; };
		54D7297319ED0FF0009A0279 /* BorderControlPointView.m in Sources */ = {isa = PBXBuildFile; fileRef = 54D7297219ED0FF0009A0279 /* BorderControlPointView.m */; };
		54E62D0119FDFA8A0083E0F0 /* TextFontHelper.m in Sources */ = {isa = PBXBuildFile; fileRef = 54E62D0019FDFA8A0083E0F0 /* TextFontHelper.m */; };
		54E8B9CB19FA271200AD324D /* SliderWithTooltip.m in Sources */ = {isa = PBXBuildFile; fileRef = 54E8B9CA19FA271200AD324D /* SliderWithTooltip.m */; };
		54E96F6719F8CB6A00C5F007 /* EditorButtonView.m in Sources */ = {isa = PBXBuildFile; fileRef = 54E96F6619F8CB6A00C5F007 /* EditorButtonView.m */; };
		54E96F6A19F8E53400C5F007 /* ReflectionView.m in Sources */ = {isa = PBXBuildFile; fileRef = 54E96F6919F8E53400C5F007 /* ReflectionView.m */; };
		54E96F8819F91FA000C5F007 /* TooltipView.m in Sources */ = {isa = PBXBuildFile; fileRef = 54E96F8719F91FA000C5F007 /* TooltipView.m */; };
		54F4C7361A033E37006A3F07 /* RotationBenchMarkView.m in Sources */ = {isa = PBXBuildFile; fileRef = 54F4C7351A033E37006A3F07 /* RotationBenchMarkView.m */; };
		54F4C7391A0359B2006A3F07 /* RotationTooltipView.m in Sources */ = {isa = PBXBuildFile; fileRef = 54F4C7381A0359B2006A3F07 /* RotationTooltipView.m */; };
		54F4C7521A036B63006A3F07 /* CanvasView.m in Sources */ = {isa = PBXBuildFile; fileRef = 54F4C7511A036B63006A3F07 /* CanvasView.m */; };
		54FF2BC21A04DDB6002EB326 /* TextStyleEditorContentViewController.m in Sources */ = {isa = PBXBuildFile; fileRef = 54FF2BC01A04DDB6002EB326 /* TextStyleEditorContentViewController.m */; };
		54FF2BC31A04DDB6002EB326 /* TextStyleEditorContentViewController.xib in Resources */ = {isa = PBXBuildFile; fileRef = 54FF2BC11A04DDB6002EB326 /* TextStyleEditorContentViewController.xib */; };
/* End PBXBuildFile section */

/* Begin PBXContainerItemProxy section */
		54D7295819ECE9B5009A0279 /* PBXContainerItemProxy */ = {
			isa = PBXContainerItemProxy;
			containerPortal = 54D7293619ECE9B5009A0279 /* Project object */;
			proxyType = 1;
			remoteGlobalIDString = 54D7293D19ECE9B5009A0279;
			remoteInfo = iDo;
		};
/* End PBXContainerItemProxy section */

/* Begin PBXFileReference section */
		542185221A061565006EBDFD /* KeyConstants.h */ = {isa = PBXFileReference; fileEncoding = 4; lastKnownFileType = sourcecode.c.h; name = KeyConstants.h; path = Helper/KeyConstants.h; sourceTree = "<group>"; };
		542185231A061565006EBDFD /* KeyConstants.m */ = {isa = PBXFileReference; fileEncoding = 4; lastKnownFileType = sourcecode.c.objc; name = KeyConstants.m; path = Helper/KeyConstants.m; sourceTree = "<group>"; };
		542185321A07245C006EBDFD /* SimpleOperation.h */ = {isa = PBXFileReference; fileEncoding = 4; lastKnownFileType = sourcecode.c.h; name = SimpleOperation.h; path = "Undo Manager/SimpleOperation.h"; sourceTree = "<group>"; };
		542185331A07245C006EBDFD /* SimpleOperation.m */ = {isa = PBXFileReference; fileEncoding = 4; lastKnownFileType = sourcecode.c.objc; name = SimpleOperation.m; path = "Undo Manager/SimpleOperation.m"; sourceTree = "<group>"; };
		542185351A072509006EBDFD /* CompoundOperation.h */ = {isa = PBXFileReference; fileEncoding = 4; lastKnownFileType = sourcecode.c.h; name = CompoundOperation.h; path = "Undo Manager/CompoundOperation.h"; sourceTree = "<group>"; };
		542185361A072509006EBDFD /* CompoundOperation.m */ = {isa = PBXFileReference; fileEncoding = 4; lastKnownFileType = sourcecode.c.objc; name = CompoundOperation.m; path = "Undo Manager/CompoundOperation.m"; sourceTree = "<group>"; };
		546457BA19F1074900078EAF /* BasicImageEditorContentViewController.h */ = {isa = PBXFileReference; fileEncoding = 4; lastKnownFileType = sourcecode.c.h; name = BasicImageEditorContentViewController.h; path = EditorViewControllers/BasicImageEditorContentViewController.h; sourceTree = "<group>"; };
		546457BB19F1074900078EAF /* BasicImageEditorContentViewController.m */ = {isa = PBXFileReference; fileEncoding = 4; lastKnownFileType = sourcecode.c.objc; name = BasicImageEditorContentViewController.m; path = EditorViewControllers/BasicImageEditorContentViewController.m; sourceTree = "<group>"; };
		546457BC19F1074900078EAF /* BasicImageEditorContentViewController.xib */ = {isa = PBXFileReference; fileEncoding = 4; lastKnownFileType = file.xib; name = BasicImageEditorContentViewController.xib; path = EditorViewControllers/BasicImageEditorContentViewController.xib; sourceTree = "<group>"; };
		546457BF19F1096200078EAF /* CoreImage.framework */ = {isa = PBXFileReference; lastKnownFileType = wrapper.framework; name = CoreImage.framework; path = System/Library/Frameworks/CoreImage.framework; sourceTree = SDKROOT; };
		546457C219F10C1700078EAF /* UIView+Snapshot.h */ = {isa = PBXFileReference; fileEncoding = 4; lastKnownFileType = sourcecode.c.h; path = "UIView+Snapshot.h"; sourceTree = "<group>"; };
		546457C319F10C1700078EAF /* UIView+Snapshot.m */ = {isa = PBXFileReference; fileEncoding = 4; lastKnownFileType = sourcecode.c.objc; path = "UIView+Snapshot.m"; sourceTree = "<group>"; };
		546457C519F10D8100078EAF /* EditorPanelManager.h */ = {isa = PBXFileReference; fileEncoding = 4; lastKnownFileType = sourcecode.c.h; name = EditorPanelManager.h; path = EditorViewControllers/EditorPanelManager.h; sourceTree = "<group>"; };
		546457C619F10D8100078EAF /* EditorPanelManager.m */ = {isa = PBXFileReference; fileEncoding = 4; lastKnownFileType = sourcecode.c.objc; name = EditorPanelManager.m; path = EditorViewControllers/EditorPanelManager.m; sourceTree = "<group>"; };
		546457CB19F10F3400078EAF /* ImageItem.h */ = {isa = PBXFileReference; fileEncoding = 4; lastKnownFileType = sourcecode.c.h; name = ImageItem.h; path = Model/ImageItem.h; sourceTree = "<group>"; };
		546457CC19F10F3400078EAF /* ImageItem.m */ = {isa = PBXFileReference; fileEncoding = 4; lastKnownFileType = sourcecode.c.objc; name = ImageItem.m; path = Model/ImageItem.m; sourceTree = "<group>"; };
		546457CF19F116B700078EAF /* ImageHelper.h */ = {isa = PBXFileReference; fileEncoding = 4; lastKnownFileType = sourcecode.c.h; name = ImageHelper.h; path = Helper/ImageHelper.h; sourceTree = "<group>"; };
		546457D019F116B700078EAF /* ImageHelper.m */ = {isa = PBXFileReference; fileEncoding = 4; lastKnownFileType = sourcecode.c.objc; name = ImageHelper.m; path = Helper/ImageHelper.m; sourceTree = "<group>"; };
		546457D319F3614100078EAF /* ControlPointManager.h */ = {isa = PBXFileReference; fileEncoding = 4; lastKnownFileType = sourcecode.c.h; path = ControlPointManager.h; sourceTree = "<group>"; };
		546457D419F3614100078EAF /* ControlPointManager.m */ = {isa = PBXFileReference; fileEncoding = 4; lastKnownFileType = sourcecode.c.objc; path = ControlPointManager.m; sourceTree = "<group>"; };
		546457DA19F37DF500078EAF /* ContentItem.h */ = {isa = PBXFileReference; fileEncoding = 4; lastKnownFileType = sourcecode.c.h; name = ContentItem.h; path = Model/ContentItem.h; sourceTree = "<group>"; };
		546457DB19F37DF500078EAF /* ContentItem.m */ = {isa = PBXFileReference; fileEncoding = 4; lastKnownFileType = sourcecode.c.objc; name = ContentItem.m; path = Model/ContentItem.m; sourceTree = "<group>"; };
		546457DD19F37E3100078EAF /* TextItem.h */ = {isa = PBXFileReference; fileEncoding = 4; lastKnownFileType = sourcecode.c.h; path = TextItem.h; sourceTree = "<group>"; };
		546457DE19F37E3100078EAF /* TextItem.m */ = {isa = PBXFileReference; fileEncoding = 4; lastKnownFileType = sourcecode.c.objc; path = TextItem.m; sourceTree = "<group>"; };
		546457F819F4B7D200078EAF /* EditorPanelViewController.h */ = {isa = PBXFileReference; fileEncoding = 4; lastKnownFileType = sourcecode.c.h; path = EditorPanelViewController.h; sourceTree = "<group>"; };
		546457F919F4B7D200078EAF /* EditorPanelViewController.m */ = {isa = PBXFileReference; fileEncoding = 4; lastKnownFileType = sourcecode.c.objc; path = EditorPanelViewController.m; sourceTree = "<group>"; };
		546457FA19F4B7D200078EAF /* EditorPanelViewController.xib */ = {isa = PBXFileReference; fileEncoding = 4; lastKnownFileType = file.xib; path = EditorPanelViewController.xib; sourceTree = "<group>"; };
		546457FD19F4D89900078EAF /* TextBasicEditorPanelViewController.h */ = {isa = PBXFileReference; fileEncoding = 4; lastKnownFileType = sourcecode.c.h; path = TextBasicEditorPanelViewController.h; sourceTree = "<group>"; };
		546457FE19F4D89900078EAF /* TextBasicEditorPanelViewController.m */ = {isa = PBXFileReference; fileEncoding = 4; lastKnownFileType = sourcecode.c.objc; path = TextBasicEditorPanelViewController.m; sourceTree = "<group>"; };
		546457FF19F4D89900078EAF /* TextBasicEditorPanelViewController.xib */ = {isa = PBXFileReference; fileEncoding = 4; lastKnownFileType = file.xib; path = TextBasicEditorPanelViewController.xib; sourceTree = "<group>"; };
		546F5CC719FFAFE600C30CBB /* TextDisplayView.h */ = {isa = PBXFileReference; fileEncoding = 4; lastKnownFileType = sourcecode.c.h; path = TextDisplayView.h; sourceTree = "<group>"; };
		546F5CC819FFAFE600C30CBB /* TextDisplayView.m */ = {isa = PBXFileReference; fileEncoding = 4; lastKnownFileType = sourcecode.c.objc; path = TextDisplayView.m; sourceTree = "<group>"; };
		546F5CCA1A00904D00C30CBB /* CoreTextHelper.h */ = {isa = PBXFileReference; fileEncoding = 4; lastKnownFileType = sourcecode.c.h; name = CoreTextHelper.h; path = ContentViews/CoreTextHelper.h; sourceTree = "<group>"; };
		546F5CCB1A00904D00C30CBB /* CoreTextHelper.m */ = {isa = PBXFileReference; fileEncoding = 4; lastKnownFileType = sourcecode.c.objc; name = CoreTextHelper.m; path = ContentViews/CoreTextHelper.m; sourceTree = "<group>"; };
		547DC9F91A036EAE004691EC /* Canvas.png */ = {isa = PBXFileReference; lastKnownFileType = image.png; path = Canvas.png; sourceTree = "<group>"; };
		547DC9FF1A04CAC5004691EC /* EditorPanelContainerViewController.h */ = {isa = PBXFileReference; fileEncoding = 4; lastKnownFileType = sourcecode.c.h; name = EditorPanelContainerViewController.h; path = EditorViewControllers/Containers/EditorPanelContainerViewController.h; sourceTree = "<group>"; };
		547DCA001A04CAC5004691EC /* EditorPanelContainerViewController.m */ = {isa = PBXFileReference; fileEncoding = 4; lastKnownFileType = sourcecode.c.objc; name = EditorPanelContainerViewController.m; path = EditorViewControllers/Containers/EditorPanelContainerViewController.m; sourceTree = "<group>"; };
		547DCA011A04CAC5004691EC /* EditorPanelContainerViewController.xib */ = {isa = PBXFileReference; fileEncoding = 4; lastKnownFileType = file.xib; name = EditorPanelContainerViewController.xib; path = EditorViewControllers/Containers/EditorPanelContainerViewController.xib; sourceTree = "<group>"; };
		547DCA041A04CB4C004691EC /* ImageEditorPanelContainerViewController.h */ = {isa = PBXFileReference; fileEncoding = 4; lastKnownFileType = sourcecode.c.h; name = ImageEditorPanelContainerViewController.h; path = EditorViewControllers/Containers/ImageEditorPanelContainerViewController.h; sourceTree = "<group>"; };
		547DCA051A04CB4C004691EC /* ImageEditorPanelContainerViewController.m */ = {isa = PBXFileReference; fileEncoding = 4; lastKnownFileType = sourcecode.c.objc; name = ImageEditorPanelContainerViewController.m; path = EditorViewControllers/Containers/ImageEditorPanelContainerViewController.m; sourceTree = "<group>"; };
		547DCA061A04CB4C004691EC /* ImageEditorPanelContainerViewController.xib */ = {isa = PBXFileReference; fileEncoding = 4; lastKnownFileType = file.xib; name = ImageEditorPanelContainerViewController.xib; path = EditorViewControllers/Containers/ImageEditorPanelContainerViewController.xib; sourceTree = "<group>"; };
		547DCA0A1A04CDA5004691EC /* BordersContentViewController.h */ = {isa = PBXFileReference; fileEncoding = 4; lastKnownFileType = sourcecode.c.h; path = BordersContentViewController.h; sourceTree = "<group>"; };
		547DCA0B1A04CDA5004691EC /* BordersContentViewController.m */ = {isa = PBXFileReference; fileEncoding = 4; lastKnownFileType = sourcecode.c.objc; path = BordersContentViewController.m; sourceTree = "<group>"; };
		547DCA0C1A04CDA5004691EC /* BordersContentViewController.xib */ = {isa = PBXFileReference; fileEncoding = 4; lastKnownFileType = file.xib; path = BordersContentViewController.xib; sourceTree = "<group>"; };
		547DCA0F1A04D1A3004691EC /* TextEditorPanelContainerViewController.h */ = {isa = PBXFileReference; fileEncoding = 4; lastKnownFileType = sourcecode.c.h; name = TextEditorPanelContainerViewController.h; path = EditorViewControllers/Containers/TextEditorPanelContainerViewController.h; sourceTree = "<group>"; };
		547DCA101A04D1A3004691EC /* TextEditorPanelContainerViewController.m */ = {isa = PBXFileReference; fileEncoding = 4; lastKnownFileType = sourcecode.c.objc; name = TextEditorPanelContainerViewController.m; path = EditorViewControllers/Containers/TextEditorPanelContainerViewController.m; sourceTree = "<group>"; };
		547DCA111A04D1A3004691EC /* TextEditorPanelContainerViewController.xib */ = {isa = PBXFileReference; fileEncoding = 4; lastKnownFileType = file.xib; name = TextEditorPanelContainerViewController.xib; path = EditorViewControllers/Containers/TextEditorPanelContainerViewController.xib; sourceTree = "<group>"; };
		5495676F1A05EA18006D6BAE /* CustomTapTextView.h */ = {isa = PBXFileReference; fileEncoding = 4; lastKnownFileType = sourcecode.c.h; name = CustomTapTextView.h; path = ContentViews/CustomTapTextView.h; sourceTree = "<group>"; };
		549567701A05EA18006D6BAE /* CustomTapTextView.m */ = {isa = PBXFileReference; fileEncoding = 4; lastKnownFileType = sourcecode.c.objc; name = CustomTapTextView.m; path = ContentViews/CustomTapTextView.m; sourceTree = "<group>"; };
		54965B041A00E50F005AF774 /* ShadowHelper.h */ = {isa = PBXFileReference; fileEncoding = 4; lastKnownFileType = sourcecode.c.h; path = ShadowHelper.h; sourceTree = "<group>"; };
		54965B051A00E50F005AF774 /* ShadowHelper.m */ = {isa = PBXFileReference; fileEncoding = 4; lastKnownFileType = sourcecode.c.objc; path = ShadowHelper.m; sourceTree = "<group>"; };
		54965B371A020362005AF774 /* RotationHelper.h */ = {isa = PBXFileReference; fileEncoding = 4; lastKnownFileType = sourcecode.c.h; path = RotationHelper.h; sourceTree = "<group>"; };
		54965B381A020362005AF774 /* RotationHelper.m */ = {isa = PBXFileReference; fileEncoding = 4; lastKnownFileType = sourcecode.c.objc; path = RotationHelper.m; sourceTree = "<group>"; };
		54965B3A1A020424005AF774 /* RotationIndicatorView.h */ = {isa = PBXFileReference; fileEncoding = 4; lastKnownFileType = sourcecode.c.h; name = RotationIndicatorView.h; path = ContentViews/Rotation/RotationIndicatorView.h; sourceTree = "<group>"; };
		54965B3B1A020424005AF774 /* RotationIndicatorView.m */ = {isa = PBXFileReference; fileEncoding = 4; lastKnownFileType = sourcecode.c.objc; name = RotationIndicatorView.m; path = ContentViews/Rotation/RotationIndicatorView.m; sourceTree = "<group>"; };
		54CB19D619EE37BE0044BBDD /* ImageContainerView.h */ = {isa = PBXFileReference; fileEncoding = 4; lastKnownFileType = sourcecode.c.h; path = ImageContainerView.h; sourceTree = "<group>"; };
		54CB19D719EE37BE0044BBDD /* ImageContainerView.m */ = {isa = PBXFileReference; fileEncoding = 4; lastKnownFileType = sourcecode.c.objc; path = ImageContainerView.m; sourceTree = "<group>"; };
		54CB19D919EE3BD40044BBDD /* background.jpg */ = {isa = PBXFileReference; lastKnownFileType = image.jpeg; path = background.jpg; sourceTree = "<group>"; };
		54CB19DB19EE3D0A0044BBDD /* TextContainerView.h */ = {isa = PBXFileReference; fileEncoding = 4; lastKnownFileType = sourcecode.c.h; path = TextContainerView.h; sourceTree = "<group>"; };
		54CB19DC19EE3D0A0044BBDD /* TextContainerView.m */ = {isa = PBXFileReference; fileEncoding = 4; lastKnownFileType = sourcecode.c.objc; path = TextContainerView.m; sourceTree = "<group>"; };
		54D10B5319F7AC9200197694 /* GenericContainerViewHelper.h */ = {isa = PBXFileReference; fileEncoding = 4; lastKnownFileType = sourcecode.c.h; path = GenericContainerViewHelper.h; sourceTree = "<group>"; };
		54D10B5419F7AC9200197694 /* GenericContainerViewHelper.m */ = {isa = PBXFileReference; fileEncoding = 4; lastKnownFileType = sourcecode.c.objc; path = GenericContainerViewHelper.m; sourceTree = "<group>"; };
		54D333A71A0604EE00F3D7F9 /* UndoManager.h */ = {isa = PBXFileReference; fileEncoding = 4; lastKnownFileType = sourcecode.c.h; name = UndoManager.h; path = "Undo Manager/UndoManager.h"; sourceTree = "<group>"; };
		54D333A81A0604EE00F3D7F9 /* UndoManager.m */ = {isa = PBXFileReference; fileEncoding = 4; lastKnownFileType = sourcecode.c.objc; name = UndoManager.m; path = "Undo Manager/UndoManager.m"; sourceTree = "<group>"; };
		54D333AB1A0606A900F3D7F9 /* Operation.h */ = {isa = PBXFileReference; fileEncoding = 4; lastKnownFileType = sourcecode.c.h; name = Operation.h; path = "Undo Manager/Operation.h"; sourceTree = "<group>"; };
		54D333AC1A0606A900F3D7F9 /* Operation.m */ = {isa = PBXFileReference; fileEncoding = 4; lastKnownFileType = sourcecode.c.objc; name = Operation.m; path = "Undo Manager/Operation.m"; sourceTree = "<group>"; };
		54D7293E19ECE9B5009A0279 /* iDo.app */ = {isa = PBXFileReference; explicitFileType = wrapper.application; includeInIndex = 0; path = iDo.app; sourceTree = BUILT_PRODUCTS_DIR; };
		54D7294219ECE9B5009A0279 /* Info.plist */ = {isa = PBXFileReference; lastKnownFileType = text.plist.xml; path = Info.plist; sourceTree = "<group>"; };
		54D7294319ECE9B5009A0279 /* main.m */ = {isa = PBXFileReference; lastKnownFileType = sourcecode.c.objc; path = main.m; sourceTree = "<group>"; };
		54D7294519ECE9B5009A0279 /* AppDelegate.h */ = {isa = PBXFileReference; lastKnownFileType = sourcecode.c.h; path = AppDelegate.h; sourceTree = "<group>"; };
		54D7294619ECE9B5009A0279 /* AppDelegate.m */ = {isa = PBXFileReference; lastKnownFileType = sourcecode.c.objc; path = AppDelegate.m; sourceTree = "<group>"; };
		54D7294819ECE9B5009A0279 /* SliderEditingViewController.h */ = {isa = PBXFileReference; lastKnownFileType = sourcecode.c.h; path = SliderEditingViewController.h; sourceTree = "<group>"; };
		54D7294919ECE9B5009A0279 /* SliderEditingViewController.m */ = {isa = PBXFileReference; lastKnownFileType = sourcecode.c.objc; path = SliderEditingViewController.m; sourceTree = "<group>"; };
		54D7294C19ECE9B5009A0279 /* Base */ = {isa = PBXFileReference; lastKnownFileType = file.storyboard; name = Base; path = Base.lproj/Main.storyboard; sourceTree = "<group>"; };
		54D7294E19ECE9B5009A0279 /* Images.xcassets */ = {isa = PBXFileReference; lastKnownFileType = folder.assetcatalog; path = Images.xcassets; sourceTree = "<group>"; };
		54D7295119ECE9B5009A0279 /* Base */ = {isa = PBXFileReference; lastKnownFileType = file.xib; name = Base; path = Base.lproj/LaunchScreen.xib; sourceTree = "<group>"; };
		54D7295719ECE9B5009A0279 /* iDoTests.xctest */ = {isa = PBXFileReference; explicitFileType = wrapper.cfbundle; includeInIndex = 0; path = iDoTests.xctest; sourceTree = BUILT_PRODUCTS_DIR; };
		54D7295C19ECE9B5009A0279 /* Info.plist */ = {isa = PBXFileReference; lastKnownFileType = text.plist.xml; path = Info.plist; sourceTree = "<group>"; };
		54D7295D19ECE9B5009A0279 /* iDoTests.m */ = {isa = PBXFileReference; lastKnownFileType = sourcecode.c.objc; path = iDoTests.m; sourceTree = "<group>"; };
		54D7296B19ECEAB9009A0279 /* GenericContainerView.h */ = {isa = PBXFileReference; fileEncoding = 4; lastKnownFileType = sourcecode.c.h; path = GenericContainerView.h; sourceTree = "<group>"; };
		54D7296C19ECEAB9009A0279 /* GenericContainerView.m */ = {isa = PBXFileReference; fileEncoding = 4; lastKnownFileType = sourcecode.c.objc; path = GenericContainerView.m; sourceTree = "<group>"; };
		54D7297119ED0FF0009A0279 /* BorderControlPointView.h */ = {isa = PBXFileReference; fileEncoding = 4; lastKnownFileType = sourcecode.c.h; path = BorderControlPointView.h; sourceTree = "<group>"; };
		54D7297219ED0FF0009A0279 /* BorderControlPointView.m */ = {isa = PBXFileReference; fileEncoding = 4; lastKnownFileType = sourcecode.c.objc; path = BorderControlPointView.m; sourceTree = "<group>"; };
		54E62CFF19FDFA8A0083E0F0 /* TextFontHelper.h */ = {isa = PBXFileReference; fileEncoding = 4; lastKnownFileType = sourcecode.c.h; name = TextFontHelper.h; path = EditorViewControllers/Helpers/TextFontHelper.h; sourceTree = "<group>"; };
		54E62D0019FDFA8A0083E0F0 /* TextFontHelper.m */ = {isa = PBXFileReference; fileEncoding = 4; lastKnownFileType = sourcecode.c.objc; name = TextFontHelper.m; path = EditorViewControllers/Helpers/TextFontHelper.m; sourceTree = "<group>"; };
		54E8B9C919FA271200AD324D /* SliderWithTooltip.h */ = {isa = PBXFileReference; fileEncoding = 4; lastKnownFileType = sourcecode.c.h; name = SliderWithTooltip.h; path = EditorViewControllers/SliderWithTooltip.h; sourceTree = "<group>"; };
		54E8B9CA19FA271200AD324D /* SliderWithTooltip.m */ = {isa = PBXFileReference; fileEncoding = 4; lastKnownFileType = sourcecode.c.objc; name = SliderWithTooltip.m; path = EditorViewControllers/SliderWithTooltip.m; sourceTree = "<group>"; };
		54E96F6519F8CB6A00C5F007 /* EditorButtonView.h */ = {isa = PBXFileReference; fileEncoding = 4; lastKnownFileType = sourcecode.c.h; name = EditorButtonView.h; path = EditorViewControllers/EditorButtonView.h; sourceTree = "<group>"; };
		54E96F6619F8CB6A00C5F007 /* EditorButtonView.m */ = {isa = PBXFileReference; fileEncoding = 4; lastKnownFileType = sourcecode.c.objc; name = EditorButtonView.m; path = EditorViewControllers/EditorButtonView.m; sourceTree = "<group>"; };
		54E96F6819F8E53400C5F007 /* ReflectionView.h */ = {isa = PBXFileReference; fileEncoding = 4; lastKnownFileType = sourcecode.c.h; path = ReflectionView.h; sourceTree = "<group>"; };
		54E96F6919F8E53400C5F007 /* ReflectionView.m */ = {isa = PBXFileReference; fileEncoding = 4; lastKnownFileType = sourcecode.c.objc; path = ReflectionView.m; sourceTree = "<group>"; };
		54E96F8619F91FA000C5F007 /* TooltipView.h */ = {isa = PBXFileReference; fileEncoding = 4; lastKnownFileType = sourcecode.c.h; name = TooltipView.h; path = EditorViewControllers/TooltipView.h; sourceTree = "<group>"; };
		54E96F8719F91FA000C5F007 /* TooltipView.m */ = {isa = PBXFileReference; fileEncoding = 4; lastKnownFileType = sourcecode.c.objc; name = TooltipView.m; path = EditorViewControllers/TooltipView.m; sourceTree = "<group>"; };
		54F4C7341A033E37006A3F07 /* RotationBenchMarkView.h */ = {isa = PBXFileReference; fileEncoding = 4; lastKnownFileType = sourcecode.c.h; name = RotationBenchMarkView.h; path = ContentViews/Rotation/RotationBenchMarkView.h; sourceTree = "<group>"; };
		54F4C7351A033E37006A3F07 /* RotationBenchMarkView.m */ = {isa = PBXFileReference; fileEncoding = 4; lastKnownFileType = sourcecode.c.objc; name = RotationBenchMarkView.m; path = ContentViews/Rotation/RotationBenchMarkView.m; sourceTree = "<group>"; };
		54F4C7371A0359B2006A3F07 /* RotationTooltipView.h */ = {isa = PBXFileReference; fileEncoding = 4; lastKnownFileType = sourcecode.c.h; name = RotationTooltipView.h; path = ContentViews/Rotation/RotationTooltipView.h; sourceTree = "<group>"; };
		54F4C7381A0359B2006A3F07 /* RotationTooltipView.m */ = {isa = PBXFileReference; fileEncoding = 4; lastKnownFileType = sourcecode.c.objc; name = RotationTooltipView.m; path = ContentViews/Rotation/RotationTooltipView.m; sourceTree = "<group>"; };
		54F4C7501A036B63006A3F07 /* CanvasView.h */ = {isa = PBXFileReference; fileEncoding = 4; lastKnownFileType = sourcecode.c.h; name = CanvasView.h; path = GenericViews/CanvasView.h; sourceTree = "<group>"; };
		54F4C7511A036B63006A3F07 /* CanvasView.m */ = {isa = PBXFileReference; fileEncoding = 4; lastKnownFileType = sourcecode.c.objc; name = CanvasView.m; path = GenericViews/CanvasView.m; sourceTree = "<group>"; };
		54FF2BBF1A04DDB6002EB326 /* TextStyleEditorContentViewController.h */ = {isa = PBXFileReference; fileEncoding = 4; lastKnownFileType = sourcecode.c.h; name = TextStyleEditorContentViewController.h; path = EditorViewControllers/TextStyleEditorContentViewController.h; sourceTree = "<group>"; };
		54FF2BC01A04DDB6002EB326 /* TextStyleEditorContentViewController.m */ = {isa = PBXFileReference; fileEncoding = 4; lastKnownFileType = sourcecode.c.objc; name = TextStyleEditorContentViewController.m; path = EditorViewControllers/TextStyleEditorContentViewController.m; sourceTree = "<group>"; };
		54FF2BC11A04DDB6002EB326 /* TextStyleEditorContentViewController.xib */ = {isa = PBXFileReference; fileEncoding = 4; lastKnownFileType = file.xib; name = TextStyleEditorContentViewController.xib; path = EditorViewControllers/TextStyleEditorContentViewController.xib; sourceTree = "<group>"; };
/* End PBXFileReference section */

/* Begin PBXFrameworksBuildPhase section */
		54D7293B19ECE9B5009A0279 /* Frameworks */ = {
			isa = PBXFrameworksBuildPhase;
			buildActionMask = 2147483647;
			files = (
				546457C019F1096200078EAF /* CoreImage.framework in Frameworks */,
			);
			runOnlyForDeploymentPostprocessing = 0;
		};
		54D7295419ECE9B5009A0279 /* Frameworks */ = {
			isa = PBXFrameworksBuildPhase;
			buildActionMask = 2147483647;
			files = (
			);
			runOnlyForDeploymentPostprocessing = 0;
		};
/* End PBXFrameworksBuildPhase section */

/* Begin PBXGroup section */
		546457B919F1070A00078EAF /* Editors */ = {
			isa = PBXGroup;
			children = (
				547DC9FE1A04CA70004691EC /* Container View Controllers */,
				54FF2BBE1A04D9DC002EB326 /* Content View Controllers */,
				54E62D0219FDFA8F0083E0F0 /* Helpers */,
				546457C519F10D8100078EAF /* EditorPanelManager.h */,
				546457C619F10D8100078EAF /* EditorPanelManager.m */,
				54E96F6419F8C6FE00C5F007 /* Views */,
			);
			name = Editors;
			sourceTree = "<group>";
		};
		546457C119F10BF500078EAF /* Content Views */ = {
			isa = PBXGroup;
			children = (
				546457D919F368E100078EAF /* Control Points */,
				54D7296B19ECEAB9009A0279 /* GenericContainerView.h */,
				54D7296C19ECEAB9009A0279 /* GenericContainerView.m */,
				54CB19D619EE37BE0044BBDD /* ImageContainerView.h */,
				54CB19D719EE37BE0044BBDD /* ImageContainerView.m */,
				54CB19DB19EE3D0A0044BBDD /* TextContainerView.h */,
				54CB19DC19EE3D0A0044BBDD /* TextContainerView.m */,
				54D10B5319F7AC9200197694 /* GenericContainerViewHelper.h */,
				54D10B5419F7AC9200197694 /* GenericContainerViewHelper.m */,
				54E96F6B19F8E53900C5F007 /* Supplementary Views */,
			);
			name = "Content Views";
			sourceTree = "<group>";
		};
		546457CE19F10F3800078EAF /* Model */ = {
			isa = PBXGroup;
			children = (
				546457DA19F37DF500078EAF /* ContentItem.h */,
				546457DB19F37DF500078EAF /* ContentItem.m */,
				546457CB19F10F3400078EAF /* ImageItem.h */,
				546457CC19F10F3400078EAF /* ImageItem.m */,
				546457DD19F37E3100078EAF /* TextItem.h */,
				546457DE19F37E3100078EAF /* TextItem.m */,
			);
			name = Model;
			sourceTree = "<group>";
		};
		546457D219F116BA00078EAF /* Helpers */ = {
			isa = PBXGroup;
			children = (
				546457CF19F116B700078EAF /* ImageHelper.h */,
				546457D019F116B700078EAF /* ImageHelper.m */,
				542185221A061565006EBDFD /* KeyConstants.h */,
				542185231A061565006EBDFD /* KeyConstants.m */,
			);
			name = Helpers;
			sourceTree = "<group>";
		};
		546457D919F368E100078EAF /* Control Points */ = {
			isa = PBXGroup;
			children = (
				546457D319F3614100078EAF /* ControlPointManager.h */,
				546457D419F3614100078EAF /* ControlPointManager.m */,
				54D7297119ED0FF0009A0279 /* BorderControlPointView.h */,
				54D7297219ED0FF0009A0279 /* BorderControlPointView.m */,
			);
			name = "Control Points";
			sourceTree = "<group>";
		};
		547DC9FE1A04CA70004691EC /* Container View Controllers */ = {
			isa = PBXGroup;
			children = (
				547DC9FF1A04CAC5004691EC /* EditorPanelContainerViewController.h */,
				547DCA001A04CAC5004691EC /* EditorPanelContainerViewController.m */,
				547DCA011A04CAC5004691EC /* EditorPanelContainerViewController.xib */,
				547DCA041A04CB4C004691EC /* ImageEditorPanelContainerViewController.h */,
				547DCA051A04CB4C004691EC /* ImageEditorPanelContainerViewController.m */,
				547DCA061A04CB4C004691EC /* ImageEditorPanelContainerViewController.xib */,
				547DCA0F1A04D1A3004691EC /* TextEditorPanelContainerViewController.h */,
				547DCA101A04D1A3004691EC /* TextEditorPanelContainerViewController.m */,
				547DCA111A04D1A3004691EC /* TextEditorPanelContainerViewController.xib */,
			);
			name = "Container View Controllers";
			sourceTree = "<group>";
		};
		547DCA091A04CCAC004691EC /* Image Editor Content ViewControllers */ = {
			isa = PBXGroup;
			children = (
				546457BA19F1074900078EAF /* BasicImageEditorContentViewController.h */,
				546457BB19F1074900078EAF /* BasicImageEditorContentViewController.m */,
				546457BC19F1074900078EAF /* BasicImageEditorContentViewController.xib */,
				547DCA0A1A04CDA5004691EC /* BordersContentViewController.h */,
				547DCA0B1A04CDA5004691EC /* BordersContentViewController.m */,
				547DCA0C1A04CDA5004691EC /* BordersContentViewController.xib */,
			);
			name = "Image Editor Content ViewControllers";
			sourceTree = "<group>";
		};
		547DCA141A04D228004691EC /* Text Editor Content ViewControllers */ = {
			isa = PBXGroup;
			children = (
				546457FD19F4D89900078EAF /* TextBasicEditorPanelViewController.h */,
				546457FE19F4D89900078EAF /* TextBasicEditorPanelViewController.m */,
				546457FF19F4D89900078EAF /* TextBasicEditorPanelViewController.xib */,
				54FF2BBF1A04DDB6002EB326 /* TextStyleEditorContentViewController.h */,
				54FF2BC01A04DDB6002EB326 /* TextStyleEditorContentViewController.m */,
				54FF2BC11A04DDB6002EB326 /* TextStyleEditorContentViewController.xib */,
			);
			name = "Text Editor Content ViewControllers";
			sourceTree = "<group>";
		};
		54965B3D1A020BF0005AF774 /* Rotation */ = {
			isa = PBXGroup;
			children = (
				54965B371A020362005AF774 /* RotationHelper.h */,
				54965B381A020362005AF774 /* RotationHelper.m */,
				54965B3A1A020424005AF774 /* RotationIndicatorView.h */,
				54965B3B1A020424005AF774 /* RotationIndicatorView.m */,
				54F4C7341A033E37006A3F07 /* RotationBenchMarkView.h */,
				54F4C7351A033E37006A3F07 /* RotationBenchMarkView.m */,
				54F4C7371A0359B2006A3F07 /* RotationTooltipView.h */,
				54F4C7381A0359B2006A3F07 /* RotationTooltipView.m */,
			);
			name = Rotation;
			sourceTree = "<group>";
		};
		54965B3E1A020BF9005AF774 /* Text */ = {
			isa = PBXGroup;
			children = (
				546F5CC719FFAFE600C30CBB /* TextDisplayView.h */,
				546F5CC819FFAFE600C30CBB /* TextDisplayView.m */,
				546F5CCA1A00904D00C30CBB /* CoreTextHelper.h */,
				546F5CCB1A00904D00C30CBB /* CoreTextHelper.m */,
				5495676F1A05EA18006D6BAE /* CustomTapTextView.h */,
				549567701A05EA18006D6BAE /* CustomTapTextView.m */,
			);
			name = Text;
			sourceTree = "<group>";
		};
		54D333AA1A0604F400F3D7F9 /* Undo Manager */ = {
			isa = PBXGroup;
			children = (
				54D333A71A0604EE00F3D7F9 /* UndoManager.h */,
				54D333A81A0604EE00F3D7F9 /* UndoManager.m */,
				54D333AB1A0606A900F3D7F9 /* Operation.h */,
				54D333AC1A0606A900F3D7F9 /* Operation.m */,
				542185321A07245C006EBDFD /* SimpleOperation.h */,
				542185331A07245C006EBDFD /* SimpleOperation.m */,
				542185351A072509006EBDFD /* CompoundOperation.h */,
				542185361A072509006EBDFD /* CompoundOperation.m */,
			);
			name = "Undo Manager";
			sourceTree = "<group>";
		};
		54D7293519ECE9B5009A0279 = {
			isa = PBXGroup;
			children = (
				546457BF19F1096200078EAF /* CoreImage.framework */,
				54D7294019ECE9B5009A0279 /* iDo */,
				54D7295A19ECE9B5009A0279 /* iDoTests */,
				54D7293F19ECE9B5009A0279 /* Products */,
			);
			sourceTree = "<group>";
		};
		54D7293F19ECE9B5009A0279 /* Products */ = {
			isa = PBXGroup;
			children = (
				54D7293E19ECE9B5009A0279 /* iDo.app */,
				54D7295719ECE9B5009A0279 /* iDoTests.xctest */,
			);
			name = Products;
			sourceTree = "<group>";
		};
		54D7294019ECE9B5009A0279 /* iDo */ = {
			isa = PBXGroup;
			children = (
				54D7294519ECE9B5009A0279 /* AppDelegate.h */,
				54D7294619ECE9B5009A0279 /* AppDelegate.m */,
				54D7294819ECE9B5009A0279 /* SliderEditingViewController.h */,
				54D7294919ECE9B5009A0279 /* SliderEditingViewController.m */,
				546457CE19F10F3800078EAF /* Model */,
				546457B919F1070A00078EAF /* Editors */,
				54D7296A19ECEA25009A0279 /* Views */,
				54D7294B19ECE9B5009A0279 /* Main.storyboard */,
				54D333AA1A0604F400F3D7F9 /* Undo Manager */,
				54D7294E19ECE9B5009A0279 /* Images.xcassets */,
				54D7295019ECE9B5009A0279 /* LaunchScreen.xib */,
				54D7294119ECE9B5009A0279 /* Supporting Files */,
				546457D219F116BA00078EAF /* Helpers */,
			);
			path = iDo;
			sourceTree = "<group>";
		};
		54D7294119ECE9B5009A0279 /* Supporting Files */ = {
			isa = PBXGroup;
			children = (
				547DC9F91A036EAE004691EC /* Canvas.png */,
				54CB19D919EE3BD40044BBDD /* background.jpg */,
				54D7294219ECE9B5009A0279 /* Info.plist */,
				54D7294319ECE9B5009A0279 /* main.m */,
			);
			name = "Supporting Files";
			sourceTree = "<group>";
		};
		54D7295A19ECE9B5009A0279 /* iDoTests */ = {
			isa = PBXGroup;
			children = (
				54D7295D19ECE9B5009A0279 /* iDoTests.m */,
				54D7295B19ECE9B5009A0279 /* Supporting Files */,
			);
			path = iDoTests;
			sourceTree = "<group>";
		};
		54D7295B19ECE9B5009A0279 /* Supporting Files */ = {
			isa = PBXGroup;
			children = (
				54D7295C19ECE9B5009A0279 /* Info.plist */,
			);
			name = "Supporting Files";
			sourceTree = "<group>";
		};
		54D7296A19ECEA25009A0279 /* Views */ = {
			isa = PBXGroup;
			children = (
				546457C119F10BF500078EAF /* Content Views */,
				546457C219F10C1700078EAF /* UIView+Snapshot.h */,
				546457C319F10C1700078EAF /* UIView+Snapshot.m */,
				54F4C7501A036B63006A3F07 /* CanvasView.h */,
				54F4C7511A036B63006A3F07 /* CanvasView.m */,
			);
			name = Views;
			sourceTree = "<group>";
		};
		54E62D0219FDFA8F0083E0F0 /* Helpers */ = {
			isa = PBXGroup;
			children = (
				54E62CFF19FDFA8A0083E0F0 /* TextFontHelper.h */,
				54E62D0019FDFA8A0083E0F0 /* TextFontHelper.m */,
			);
			name = Helpers;
			sourceTree = "<group>";
		};
		54E96F6419F8C6FE00C5F007 /* Views */ = {
			isa = PBXGroup;
			children = (
				54E96F6519F8CB6A00C5F007 /* EditorButtonView.h */,
				54E96F6619F8CB6A00C5F007 /* EditorButtonView.m */,
				54E96F8619F91FA000C5F007 /* TooltipView.h */,
				54E96F8719F91FA000C5F007 /* TooltipView.m */,
				54E8B9C919FA271200AD324D /* SliderWithTooltip.h */,
				54E8B9CA19FA271200AD324D /* SliderWithTooltip.m */,
			);
			name = Views;
			sourceTree = "<group>";
		};
		54E96F6B19F8E53900C5F007 /* Supplementary Views */ = {
			isa = PBXGroup;
			children = (
				54E96F6819F8E53400C5F007 /* ReflectionView.h */,
				54E96F6919F8E53400C5F007 /* ReflectionView.m */,
				54965B041A00E50F005AF774 /* ShadowHelper.h */,
				54965B051A00E50F005AF774 /* ShadowHelper.m */,
				54965B3E1A020BF9005AF774 /* Text */,
				54965B3D1A020BF0005AF774 /* Rotation */,
			);
			name = "Supplementary Views";
			sourceTree = "<group>";
		};
		54FF2BBE1A04D9DC002EB326 /* Content View Controllers */ = {
			isa = PBXGroup;
			children = (
				546457F819F4B7D200078EAF /* EditorPanelViewController.h */,
				546457F919F4B7D200078EAF /* EditorPanelViewController.m */,
				546457FA19F4B7D200078EAF /* EditorPanelViewController.xib */,
				547DCA091A04CCAC004691EC /* Image Editor Content ViewControllers */,
				547DCA141A04D228004691EC /* Text Editor Content ViewControllers */,
			);
			name = "Content View Controllers";
			sourceTree = "<group>";
		};
/* End PBXGroup section */

/* Begin PBXNativeTarget section */
		54D7293D19ECE9B5009A0279 /* iDo */ = {
			isa = PBXNativeTarget;
			buildConfigurationList = 54D7296119ECE9B5009A0279 /* Build configuration list for PBXNativeTarget "iDo" */;
			buildPhases = (
				54D7293A19ECE9B5009A0279 /* Sources */,
				54D7293B19ECE9B5009A0279 /* Frameworks */,
				54D7293C19ECE9B5009A0279 /* Resources */,
			);
			buildRules = (
			);
			dependencies = (
			);
			name = iDo;
			productName = iDo;
			productReference = 54D7293E19ECE9B5009A0279 /* iDo.app */;
			productType = "com.apple.product-type.application";
		};
		54D7295619ECE9B5009A0279 /* iDoTests */ = {
			isa = PBXNativeTarget;
			buildConfigurationList = 54D7296419ECE9B5009A0279 /* Build configuration list for PBXNativeTarget "iDoTests" */;
			buildPhases = (
				54D7295319ECE9B5009A0279 /* Sources */,
				54D7295419ECE9B5009A0279 /* Frameworks */,
				54D7295519ECE9B5009A0279 /* Resources */,
			);
			buildRules = (
			);
			dependencies = (
				54D7295919ECE9B5009A0279 /* PBXTargetDependency */,
			);
			name = iDoTests;
			productName = iDoTests;
			productReference = 54D7295719ECE9B5009A0279 /* iDoTests.xctest */;
			productType = "com.apple.product-type.bundle.unit-test";
		};
/* End PBXNativeTarget section */

/* Begin PBXProject section */
		54D7293619ECE9B5009A0279 /* Project object */ = {
			isa = PBXProject;
			attributes = {
				LastUpgradeCheck = 0600;
				ORGANIZATIONNAME = com.microstrategy;
				TargetAttributes = {
					54D7293D19ECE9B5009A0279 = {
						CreatedOnToolsVersion = 6.0;
					};
					54D7295619ECE9B5009A0279 = {
						CreatedOnToolsVersion = 6.0;
						TestTargetID = 54D7293D19ECE9B5009A0279;
					};
				};
			};
			buildConfigurationList = 54D7293919ECE9B5009A0279 /* Build configuration list for PBXProject "iDo" */;
			compatibilityVersion = "Xcode 3.2";
			developmentRegion = English;
			hasScannedForEncodings = 0;
			knownRegions = (
				en,
				Base,
			);
			mainGroup = 54D7293519ECE9B5009A0279;
			productRefGroup = 54D7293F19ECE9B5009A0279 /* Products */;
			projectDirPath = "";
			projectRoot = "";
			targets = (
				54D7293D19ECE9B5009A0279 /* iDo */,
				54D7295619ECE9B5009A0279 /* iDoTests */,
			);
		};
/* End PBXProject section */

/* Begin PBXResourcesBuildPhase section */
		54D7293C19ECE9B5009A0279 /* Resources */ = {
			isa = PBXResourcesBuildPhase;
			buildActionMask = 2147483647;
			files = (
				54FF2BC31A04DDB6002EB326 /* TextStyleEditorContentViewController.xib in Resources */,
				547DCA081A04CB4C004691EC /* ImageEditorPanelContainerViewController.xib in Resources */,
				547DCA131A04D1A3004691EC /* TextEditorPanelContainerViewController.xib in Resources */,
				5464580119F4D89900078EAF /* TextBasicEditorPanelViewController.xib in Resources */,
				547DC9FA1A036EAF004691EC /* Canvas.png in Resources */,
				54CB19DA19EE3BD40044BBDD /* background.jpg in Resources */,
				54D7294D19ECE9B5009A0279 /* Main.storyboard in Resources */,
				546457FC19F4B7D200078EAF /* EditorPanelViewController.xib in Resources */,
				547DCA0E1A04CDA5004691EC /* BordersContentViewController.xib in Resources */,
				546457BE19F1074900078EAF /* BasicImageEditorContentViewController.xib in Resources */,
				54D7295219ECE9B5009A0279 /* LaunchScreen.xib in Resources */,
				54D7294F19ECE9B5009A0279 /* Images.xcassets in Resources */,
				547DCA031A04CAC5004691EC /* EditorPanelContainerViewController.xib in Resources */,
			);
			runOnlyForDeploymentPostprocessing = 0;
		};
		54D7295519ECE9B5009A0279 /* Resources */ = {
			isa = PBXResourcesBuildPhase;
			buildActionMask = 2147483647;
			files = (
			);
			runOnlyForDeploymentPostprocessing = 0;
		};
/* End PBXResourcesBuildPhase section */

/* Begin PBXSourcesBuildPhase section */
		54D7293A19ECE9B5009A0279 /* Sources */ = {
			isa = PBXSourcesBuildPhase;
			buildActionMask = 2147483647;
			files = (
				546457DC19F37DF500078EAF /* ContentItem.m in Sources */,
				546457DF19F37E3100078EAF /* TextItem.m in Sources */,
				54CB19DD19EE3D0A0044BBDD /* TextContainerView.m in Sources */,
				54E96F6719F8CB6A00C5F007 /* EditorButtonView.m in Sources */,
				54F4C7361A033E37006A3F07 /* RotationBenchMarkView.m in Sources */,
				546457D519F3614100078EAF /* ControlPointManager.m in Sources */,
				546457C419F10C1700078EAF /* UIView+Snapshot.m in Sources */,
				542185341A07245C006EBDFD /* SimpleOperation.m in Sources */,
				542185371A072509006EBDFD /* CompoundOperation.m in Sources */,
				542185241A061565006EBDFD /* KeyConstants.m in Sources */,
				546457D119F116B700078EAF /* ImageHelper.m in Sources */,
				546F5CC919FFAFE600C30CBB /* TextDisplayView.m in Sources */,
				54D333A91A0604EE00F3D7F9 /* UndoManager.m in Sources */,
				54F4C7521A036B63006A3F07 /* CanvasView.m in Sources */,
				547DCA0D1A04CDA5004691EC /* BordersContentViewController.m in Sources */,
				54E62D0119FDFA8A0083E0F0 /* TextFontHelper.m in Sources */,
				549567711A05EA18006D6BAE /* CustomTapTextView.m in Sources */,
				546457C719F10D8100078EAF /* EditorPanelManager.m in Sources */,
				546457CD19F10F3400078EAF /* ImageItem.m in Sources */,
				54E96F6A19F8E53400C5F007 /* ReflectionView.m in Sources */,
				54D7297319ED0FF0009A0279 /* BorderControlPointView.m in Sources */,
				54D333AD1A0606A900F3D7F9 /* Operation.m in Sources */,
				54E96F8819F91FA000C5F007 /* TooltipView.m in Sources */,
				54CB19D819EE37BE0044BBDD /* ImageContainerView.m in Sources */,
				54D10B5519F7AC9200197694 /* GenericContainerViewHelper.m in Sources */,
				54D7296D19ECEAB9009A0279 /* GenericContainerView.m in Sources */,
				5464580019F4D89900078EAF /* TextBasicEditorPanelViewController.m in Sources */,
				54D7294A19ECE9B5009A0279 /* SliderEditingViewController.m in Sources */,
				546457FB19F4B7D200078EAF /* EditorPanelViewController.m in Sources */,
				54D7294719ECE9B5009A0279 /* AppDelegate.m in Sources */,
				54FF2BC21A04DDB6002EB326 /* TextStyleEditorContentViewController.m in Sources */,
				54F4C7391A0359B2006A3F07 /* RotationTooltipView.m in Sources */,
				547DCA121A04D1A3004691EC /* TextEditorPanelContainerViewController.m in Sources */,
				547DCA021A04CAC5004691EC /* EditorPanelContainerViewController.m in Sources */,
				54D7294419ECE9B5009A0279 /* main.m in Sources */,
				54965B3C1A020424005AF774 /* RotationIndicatorView.m in Sources */,
				54965B391A020362005AF774 /* RotationHelper.m in Sources */,
				546F5CCC1A00904D00C30CBB /* CoreTextHelper.m in Sources */,
				54965B061A00E50F005AF774 /* ShadowHelper.m in Sources */,
				54E8B9CB19FA271200AD324D /* SliderWithTooltip.m in Sources */,
				546457BD19F1074900078EAF /* BasicImageEditorContentViewController.m in Sources */,
				547DCA071A04CB4C004691EC /* ImageEditorPanelContainerViewController.m in Sources */,
			);
			runOnlyForDeploymentPostprocessing = 0;
		};
		54D7295319ECE9B5009A0279 /* Sources */ = {
			isa = PBXSourcesBuildPhase;
			buildActionMask = 2147483647;
			files = (
				54D7295E19ECE9B5009A0279 /* iDoTests.m in Sources */,
			);
			runOnlyForDeploymentPostprocessing = 0;
		};
/* End PBXSourcesBuildPhase section */

/* Begin PBXTargetDependency section */
		54D7295919ECE9B5009A0279 /* PBXTargetDependency */ = {
			isa = PBXTargetDependency;
			target = 54D7293D19ECE9B5009A0279 /* iDo */;
			targetProxy = 54D7295819ECE9B5009A0279 /* PBXContainerItemProxy */;
		};
/* End PBXTargetDependency section */

/* Begin PBXVariantGroup section */
		54D7294B19ECE9B5009A0279 /* Main.storyboard */ = {
			isa = PBXVariantGroup;
			children = (
				54D7294C19ECE9B5009A0279 /* Base */,
			);
			name = Main.storyboard;
			sourceTree = "<group>";
		};
		54D7295019ECE9B5009A0279 /* LaunchScreen.xib */ = {
			isa = PBXVariantGroup;
			children = (
				54D7295119ECE9B5009A0279 /* Base */,
			);
			name = LaunchScreen.xib;
			sourceTree = "<group>";
		};
/* End PBXVariantGroup section */

/* Begin XCBuildConfiguration section */
		54D7295F19ECE9B5009A0279 /* Debug */ = {
			isa = XCBuildConfiguration;
			buildSettings = {
				ALWAYS_SEARCH_USER_PATHS = NO;
				CLANG_CXX_LANGUAGE_STANDARD = "gnu++0x";
				CLANG_CXX_LIBRARY = "libc++";
				CLANG_ENABLE_MODULES = YES;
				CLANG_ENABLE_OBJC_ARC = YES;
				CLANG_WARN_BOOL_CONVERSION = YES;
				CLANG_WARN_CONSTANT_CONVERSION = YES;
				CLANG_WARN_DIRECT_OBJC_ISA_USAGE = YES_ERROR;
				CLANG_WARN_EMPTY_BODY = YES;
				CLANG_WARN_ENUM_CONVERSION = YES;
				CLANG_WARN_INT_CONVERSION = YES;
				CLANG_WARN_OBJC_ROOT_CLASS = YES_ERROR;
				CLANG_WARN_UNREACHABLE_CODE = YES;
				CLANG_WARN__DUPLICATE_METHOD_MATCH = YES;
				CODE_SIGN_IDENTITY = "iPhone Developer: Hongsen Huang (94LGY9TDJ8)";
				"CODE_SIGN_IDENTITY[sdk=iphoneos*]" = "iPhone Developer: Hongsen Huang (94LGY9TDJ8)";
				COPY_PHASE_STRIP = NO;
				ENABLE_STRICT_OBJC_MSGSEND = YES;
				GCC_C_LANGUAGE_STANDARD = gnu99;
				GCC_DYNAMIC_NO_PIC = NO;
				GCC_OPTIMIZATION_LEVEL = 0;
				GCC_PREPROCESSOR_DEFINITIONS = (
					"DEBUG=1",
					"$(inherited)",
				);
				GCC_SYMBOLS_PRIVATE_EXTERN = NO;
				GCC_WARN_64_TO_32_BIT_CONVERSION = YES;
				GCC_WARN_ABOUT_RETURN_TYPE = YES_ERROR;
				GCC_WARN_UNDECLARED_SELECTOR = YES;
				GCC_WARN_UNINITIALIZED_AUTOS = YES_AGGRESSIVE;
				GCC_WARN_UNUSED_FUNCTION = YES;
				GCC_WARN_UNUSED_VARIABLE = YES;
				IPHONEOS_DEPLOYMENT_TARGET = 8.0;
				MTL_ENABLE_DEBUG_INFO = YES;
				ONLY_ACTIVE_ARCH = YES;
				SDKROOT = iphoneos;
				TARGETED_DEVICE_FAMILY = "1,2";
			};
			name = Debug;
		};
		54D7296019ECE9B5009A0279 /* Release */ = {
			isa = XCBuildConfiguration;
			buildSettings = {
				ALWAYS_SEARCH_USER_PATHS = NO;
				CLANG_CXX_LANGUAGE_STANDARD = "gnu++0x";
				CLANG_CXX_LIBRARY = "libc++";
				CLANG_ENABLE_MODULES = YES;
				CLANG_ENABLE_OBJC_ARC = YES;
				CLANG_WARN_BOOL_CONVERSION = YES;
				CLANG_WARN_CONSTANT_CONVERSION = YES;
				CLANG_WARN_DIRECT_OBJC_ISA_USAGE = YES_ERROR;
				CLANG_WARN_EMPTY_BODY = YES;
				CLANG_WARN_ENUM_CONVERSION = YES;
				CLANG_WARN_INT_CONVERSION = YES;
				CLANG_WARN_OBJC_ROOT_CLASS = YES_ERROR;
				CLANG_WARN_UNREACHABLE_CODE = YES;
				CLANG_WARN__DUPLICATE_METHOD_MATCH = YES;
				CODE_SIGN_IDENTITY = "iPhone Developer: Hongsen Huang (94LGY9TDJ8)";
				"CODE_SIGN_IDENTITY[sdk=iphoneos*]" = "iPhone Developer: Hongsen Huang (94LGY9TDJ8)";
				COPY_PHASE_STRIP = YES;
				ENABLE_NS_ASSERTIONS = NO;
				ENABLE_STRICT_OBJC_MSGSEND = YES;
				GCC_C_LANGUAGE_STANDARD = gnu99;
				GCC_WARN_64_TO_32_BIT_CONVERSION = YES;
				GCC_WARN_ABOUT_RETURN_TYPE = YES_ERROR;
				GCC_WARN_UNDECLARED_SELECTOR = YES;
				GCC_WARN_UNINITIALIZED_AUTOS = YES_AGGRESSIVE;
				GCC_WARN_UNUSED_FUNCTION = YES;
				GCC_WARN_UNUSED_VARIABLE = YES;
				IPHONEOS_DEPLOYMENT_TARGET = 8.0;
				MTL_ENABLE_DEBUG_INFO = NO;
				SDKROOT = iphoneos;
				TARGETED_DEVICE_FAMILY = "1,2";
				VALIDATE_PRODUCT = YES;
			};
			name = Release;
		};
		54D7296219ECE9B5009A0279 /* Debug */ = {
			isa = XCBuildConfiguration;
			buildSettings = {
				ASSETCATALOG_COMPILER_APPICON_NAME = AppIcon;
				INFOPLIST_FILE = iDo/Info.plist;
				LD_RUNPATH_SEARCH_PATHS = "$(inherited) @executable_path/Frameworks";
				PRODUCT_NAME = "$(TARGET_NAME)";
			};
			name = Debug;
		};
		54D7296319ECE9B5009A0279 /* Release */ = {
			isa = XCBuildConfiguration;
			buildSettings = {
				ASSETCATALOG_COMPILER_APPICON_NAME = AppIcon;
				INFOPLIST_FILE = iDo/Info.plist;
				LD_RUNPATH_SEARCH_PATHS = "$(inherited) @executable_path/Frameworks";
				PRODUCT_NAME = "$(TARGET_NAME)";
			};
			name = Release;
		};
		54D7296519ECE9B5009A0279 /* Debug */ = {
			isa = XCBuildConfiguration;
			buildSettings = {
				BUNDLE_LOADER = "$(TEST_HOST)";
				FRAMEWORK_SEARCH_PATHS = (
					"$(SDKROOT)/Developer/Library/Frameworks",
					"$(inherited)",
				);
				GCC_PREPROCESSOR_DEFINITIONS = (
					"DEBUG=1",
					"$(inherited)",
				);
				INFOPLIST_FILE = iDoTests/Info.plist;
				LD_RUNPATH_SEARCH_PATHS = "$(inherited) @executable_path/Frameworks @loader_path/Frameworks";
				PRODUCT_NAME = "$(TARGET_NAME)";
				TEST_HOST = "$(BUILT_PRODUCTS_DIR)/iDo.app/iDo";
			};
			name = Debug;
		};
		54D7296619ECE9B5009A0279 /* Release */ = {
			isa = XCBuildConfiguration;
			buildSettings = {
				BUNDLE_LOADER = "$(TEST_HOST)";
				FRAMEWORK_SEARCH_PATHS = (
					"$(SDKROOT)/Developer/Library/Frameworks",
					"$(inherited)",
				);
				INFOPLIST_FILE = iDoTests/Info.plist;
				LD_RUNPATH_SEARCH_PATHS = "$(inherited) @executable_path/Frameworks @loader_path/Frameworks";
				PRODUCT_NAME = "$(TARGET_NAME)";
				TEST_HOST = "$(BUILT_PRODUCTS_DIR)/iDo.app/iDo";
			};
			name = Release;
		};
/* End XCBuildConfiguration section */

/* Begin XCConfigurationList section */
		54D7293919ECE9B5009A0279 /* Build configuration list for PBXProject "iDo" */ = {
			isa = XCConfigurationList;
			buildConfigurations = (
				54D7295F19ECE9B5009A0279 /* Debug */,
				54D7296019ECE9B5009A0279 /* Release */,
			);
			defaultConfigurationIsVisible = 0;
			defaultConfigurationName = Release;
		};
		54D7296119ECE9B5009A0279 /* Build configuration list for PBXNativeTarget "iDo" */ = {
			isa = XCConfigurationList;
			buildConfigurations = (
				54D7296219ECE9B5009A0279 /* Debug */,
				54D7296319ECE9B5009A0279 /* Release */,
			);
			defaultConfigurationIsVisible = 0;
			defaultConfigurationName = Release;
		};
		54D7296419ECE9B5009A0279 /* Build configuration list for PBXNativeTarget "iDoTests" */ = {
			isa = XCConfigurationList;
			buildConfigurations = (
				54D7296519ECE9B5009A0279 /* Debug */,
				54D7296619ECE9B5009A0279 /* Release */,
			);
			defaultConfigurationIsVisible = 0;
			defaultConfigurationName = Release;
		};
/* End XCConfigurationList section */
	};
	rootObject = 54D7293619ECE9B5009A0279 /* Project object */;
}
